
Microsoft Visual Studio Solution File, Format Version 12.00
# Visual Studio 15
VisualStudioVersion = 15.0.27703.2018
MinimumVisualStudioVersion = 10.0.40219.1
Project("{8BC9CEB8-8B4A-11D0-8D11-00A0C91BC942}") = "TheFraction", "TheFraction\TheFraction.vcxproj", "{C430E546-9933-45EE-9AC5-E5D513D5FBDA}"
EndProject
Global
	GlobalSection(SolutionConfigurationPlatforms) = preSolution
		Debug|x64 = Debug|x64
		Debug|x86 = Debug|x86
		Release|x64 = Release|x64
		Release|x86 = Release|x86
	EndGlobalSection
	GlobalSection(ProjectConfigurationPlatforms) = postSolution
		{C430E546-9933-45EE-9AC5-E5D513D5FBDA}.Debug|x64.ActiveCfg = Debug|x64
		{C430E546-9933-45EE-9AC5-E5D513D5FBDA}.Debug|x64.Build.0 = Debug|x64
		{C430E546-9933-45EE-9AC5-E5D513D5FBDA}.Debug|x86.ActiveCfg = Debug|Win32
		{C430E546-9933-45EE-9AC5-E5D513D5FBDA}.Debug|x86.Build.0 = Debug|Win32
		{C430E546-9933-45EE-9AC5-E5D513D5FBDA}.Release|x64.ActiveCfg = Release|x64
		{C430E546-9933-45EE-9AC5-E5D513D5FBDA}.Release|x64.Build.0 = Release|x64
		{C430E546-9933-45EE-9AC5-E5D513D5FBDA}.Release|x86.ActiveCfg = Release|Win32
		{C430E546-9933-45EE-9AC5-E5D513D5FBDA}.Release|x86.Build.0 = Release|Win32
	EndGlobalSection
	GlobalSection(SolutionProperties) = preSolution
		HideSolutionNode = FALSE
	EndGlobalSection
	GlobalSection(ExtensibilityGlobals) = postSolution
		SolutionGuid = {767070EB-3CC1-41D6-83A9-43B2BDDE97A6}
	EndGlobalSection
EndGlobal
